Microsoft Visual Studio Solution File, Format Version 12.00
# Visual Studio Version 17
VisualStudioVersion = 17.5.2.0
MinimumVisualStudioVersion = 10.0.40219.1
Project("{FAE04EC0-301F-11D3-BF4B-00C04F79EFBC}") = "tl2-tp8-2025-JoakaG", "tl2-tp8-2025-JoakaG.csproj", "{06D3D49E-0F4E-C55C-61D8-E3F0B86FB767}"
EndProject
Global
	GlobalSection(SolutionConfigurationPlatforms) = preSolution
		Debug|Any CPU = Debug|Any CPU
		Release|Any CPU = Release|Any CPU
	EndGlobalSection
	GlobalSection(ProjectConfigurationPlatforms) = postSolution
		{06D3D49E-0F4E-C55C-61D8-E3F0B86FB767}.Debug|Any CPU.ActiveCfg = Debug|Any CPU
		{06D3D49E-0F4E-C55C-61D8-E3F0B86FB767}.Debug|Any CPU.Build.0 = Debug|Any CPU
		{06D3D49E-0F4E-C55C-61D8-E3F0B86FB767}.Release|Any CPU.ActiveCfg = Release|Any CPU
		{06D3D49E-0F4E-C55C-61D8-E3F0B86FB767}.Release|Any CPU.Build.0 = Release|Any CPU
	EndGlobalSection
	GlobalSection(SolutionProperties) = preSolution
		HideSolutionNode = FALSE
	EndGlobalSection
	GlobalSection(ExtensibilityGlobals) = postSolution
		SolutionGuid = {87641CF6-555C-4D9D-938D-400EF3D303E6}
	EndGlobalSection
EndGlobal
